
Microsoft Visual Studio Solution File, Format Version 12.00
# Visual Studio Version 16
VisualStudioVersion = 16.0.30225.117
MinimumVisualStudioVersion = 10.0.40219.1
Project("{FAE04EC0-301F-11D3-BF4B-00C04F79EFBC}") = "Cyberpunk 2077 - Car FoV Changer", "Cyberpunk 2077 - Car FoV Changer.csproj", "{6F01A816-682E-4714-ABD1-0898ACEB3CEB}"
EndProject
Global
	GlobalSection(SolutionConfigurationPlatforms) = preSolution
		Debug|Any CPU = Debug|Any CPU
		Debug|x64 = Debug|x64
		Release|Any CPU = Release|Any CPU
		Release|x64 = Release|x64
	EndGlobalSection
	GlobalSection(ProjectConfigurationPlatforms) = postSolution
		{6F01A816-682E-4714-ABD1-0898ACEB3CEB}.Debug|Any CPU.ActiveCfg = Debug|Any CPU
		{6F01A816-682E-4714-ABD1-0898ACEB3CEB}.Debug|Any CPU.Build.0 = Debug|Any CPU
		{6F01A816-682E-4714-ABD1-0898ACEB3CEB}.Debug|x64.ActiveCfg = Debug|x64
		{6F01A816-682E-4714-ABD1-0898ACEB3CEB}.Debug|x64.Build.0 = Debug|x64
		{6F01A816-682E-4714-ABD1-0898ACEB3CEB}.Release|Any CPU.ActiveCfg = Release|Any CPU
		{6F01A816-682E-4714-ABD1-0898ACEB3CEB}.Release|Any CPU.Build.0 = Release|Any CPU
		{6F01A816-682E-4714-ABD1-0898ACEB3CEB}.Release|x64.ActiveCfg = Release|x64
		{6F01A816-682E-4714-ABD1-0898ACEB3CEB}.Release|x64.Build.0 = Release|x64
	EndGlobalSection
	GlobalSection(SolutionProperties) = preSolution
		HideSolutionNode = FALSE
	EndGlobalSection
	GlobalSection(ExtensibilityGlobals) = postSolution
		SolutionGuid = {3C5337FA-AE05-427E-90F6-3AAE8CCE8B45}
	EndGlobalSection
EndGlobal
